{
  "version": 4,
  "terraform_version": "1.3.4",
  "serial": 4,
  "lineage": "74ff884b-3186-4213-9f3a-5857ff6ca3b3",
  "outputs": {},
  "resources": [
    {
      "mode": "managed",
      "type": "aws_instance",
      "name": "ec2_vm",
      "provider": "provider[\"registry.terraform.io/hashicorp/aws\"]",
      "instances": [
        {
          "schema_version": 1,
          "attributes": {
            "ami": "ami-02384a901b5df8024",
            "arn": "arn:aws:ec2:eu-north-1:870748022413:instance/i-0497c4caf9e94b99d",
            "associate_public_ip_address": true,
            "availability_zone": "eu-north-1c",
            "capacity_reservation_specification": [
              {
                "capacity_reservation_preference": "open",
                "capacity_reservation_target": []
              }
            ],
            "cpu_core_count": 1,
            "cpu_threads_per_core": 2,
            "credit_specification": [
              {
                "cpu_credits": "unlimited"
              }
            ],
            "disable_api_termination": false,
            "ebs_block_device": [],
            "ebs_optimized": false,
            "enclave_options": [
              {
                "enabled": false
              }
            ],
            "ephemeral_block_device": [],
            "get_password_data": false,
            "hibernation": false,
            "host_id": null,
            "iam_instance_profile": "",
            "id": "i-0497c4caf9e94b99d",
            "instance_initiated_shutdown_behavior": "stop",
            "instance_state": "running",
            "instance_type": "t3.micro",
            "ipv6_address_count": 0,
            "ipv6_addresses": [],
            "key_name": "mykey",
            "launch_template": [],
            "metadata_options": [
              {
                "http_endpoint": "enabled",
                "http_put_response_hop_limit": 1,
                "http_tokens": "optional",
                "instance_metadata_tags": "disabled"
              }
            ],
            "monitoring": false,
            "network_interface": [],
            "outpost_arn": "",
            "password_data": "",
            "placement_group": "",
            "placement_partition_number": null,
            "primary_network_interface_id": "eni-043da23f0f80250b9",
            "private_dns": "ip-172-31-8-141.eu-north-1.compute.internal",
            "private_ip": "172.31.8.141",
            "public_dns": "ec2-13-53-46-197.eu-north-1.compute.amazonaws.com",
            "public_ip": "13.53.46.197",
            "root_block_device": [
              {
                "delete_on_termination": true,
                "device_name": "/dev/sda1",
                "encrypted": false,
                "iops": 100,
                "kms_key_id": "",
                "tags": {},
                "throughput": 0,
                "volume_id": "vol-01786ad6c205a7953",
                "volume_size": 10,
                "volume_type": "gp2"
              }
            ],
            "secondary_private_ips": [],
            "security_groups": [
              "terraform-20221206145822242700000001"
            ],
            "source_dest_check": true,
            "subnet_id": "subnet-0b651660f7a1843d2",
            "tags": {
              "Etudiant": "kinan.benfrid@etu.u-pec.fr",
              "Name": "ExempleInstanceEC2Linux",
              "Owner": "PhCurmin"
            },
            "tags_all": {
              "Etudiant": "kinan.benfrid@etu.u-pec.fr",
              "Name": "ExempleInstanceEC2Linux",
              "Owner": "PhCurmin"
            },
            "tenancy": "default",
            "timeouts": null,
            "user_data": null,
            "user_data_base64": null,
            "volume_tags": null,
            "vpc_security_group_ids": [
              "sg-0cbb1d942cb1faee0"
            ]
          },
          "sensitive_attributes": [],
          "private": "eyJlMmJmYjczMC1lY2FhLTExZTYtOGY4OC0zNDM2M2JjN2M0YzAiOnsiY3JlYXRlIjo2MDAwMDAwMDAwMDAsImRlbGV0ZSI6MTIwMDAwMDAwMDAwMCwidXBkYXRlIjo2MDAwMDAwMDAwMDB9LCJzY2hlbWFfdmVyc2lvbiI6IjEifQ==",
          "dependencies": [
            "aws_security_group.default"
          ]
        }
      ]
    },
    {
      "mode": "managed",
      "type": "aws_key_pair",
      "name": "mykey",
      "provider": "provider[\"registry.terraform.io/hashicorp/aws\"]",
      "instances": [
        {
          "schema_version": 1,
          "attributes": {
            "arn": "arn:aws:ec2:eu-north-1:870748022413:key-pair/mykey",
            "fingerprint": "60:62:07:fc:20:55:d6:e3:08:b5:ca:e3:1b:14:c0:ee",
            "id": "mykey",
            "key_name": "mykey",
            "key_name_prefix": "",
            "key_pair_id": "key-09bb7cb784bca65d7",
            "public_key": "ssh-rsa AAAAB3NzaC1yc2EAAAADAQABAAABAQCfl5LNNVv/Rtq+kF36N965rMGQqsul1JUfqm3Y1brDG/hoFeFMgJ+/eys0W2eU0OboMKh+BC6LPKvqkCiUftIACSysck6bcdk17MP3XNWWPwZENmHmzZLxadOKopAuVx+pUIxSTEY/DIyN23uNQU/EMb71TO3xVVjokk0uvaqqTiG0wP7mFzxe5czXepSRt5yKYXVfqP5zMlyjb3C4x9GnaRJZfJcS7V/KRmNRpcrdM7EuxDiGnb/qyzwgI4bGk+FJYfej03ZT3MY44pk8DK5NS6grEo5kbGvK8cy5CMfMYDDXuYPi4rw98ADlrWttjc15ec6lKxwFZnhb5vL/tX9T",
            "tags": null,
            "tags_all": {}
          },
          "sensitive_attributes": [],
          "private": "eyJzY2hlbWFfdmVyc2lvbiI6IjEifQ=="
        }
      ]
    },
    {
      "mode": "managed",
      "type": "aws_security_group",
      "name": "default",
      "provider": "provider[\"registry.terraform.io/hashicorp/aws\"]",
      "instances": [
        {
          "schema_version": 1,
          "attributes": {
            "arn": "arn:aws:ec2:eu-north-1:870748022413:security-group/sg-0cbb1d942cb1faee0",
            "description": "Managed by Terraform",
            "egress": [
              {
                "cidr_blocks": [
                  "0.0.0.0/0"
                ],
                "description": "",
                "from_port": 0,
                "ipv6_cidr_blocks": [],
                "prefix_list_ids": [],
                "protocol": "-1",
                "security_groups": [],
                "self": false,
                "to_port": 0
              }
            ],
            "id": "sg-0cbb1d942cb1faee0",
            "ingress": [
              {
                "cidr_blocks": [
                  "0.0.0.0/0"
                ],
                "description": "",
                "from_port": 22,
                "ipv6_cidr_blocks": [],
                "prefix_list_ids": [],
                "protocol": "tcp",
                "security_groups": [],
                "self": false,
                "to_port": 22
              },
              {
                "cidr_blocks": [
                  "0.0.0.0/0"
                ],
                "description": "",
                "from_port": 80,
                "ipv6_cidr_blocks": [],
                "prefix_list_ids": [],
                "protocol": "tcp",
                "security_groups": [],
                "self": false,
                "to_port": 80
              }
            ],
            "name": "terraform-20221206145822242700000001",
            "name_prefix": "terraform-",
            "owner_id": "870748022413",
            "revoke_rules_on_delete": false,
            "tags": null,
            "tags_all": {},
            "timeouts": null,
            "vpc_id": "vpc-075aa33c76e6d2f27"
          },
          "sensitive_attributes": [],
          "private": "eyJlMmJmYjczMC1lY2FhLTExZTYtOGY4OC0zNDM2M2JjN2M0YzAiOnsiY3JlYXRlIjo2MDAwMDAwMDAwMDAsImRlbGV0ZSI6OTAwMDAwMDAwMDAwfSwic2NoZW1hX3ZlcnNpb24iOiIxIn0="
        }
      ]
    }
  ],
  "check_results": null
}
